
Microsoft Visual Studio Solution File, Format Version 12.00
# Visual Studio Version 16
VisualStudioVersion = 16.0.32228.343
MinimumVisualStudioVersion = 10.0.40219.1
Project("{FAE04EC0-301F-11D3-BF4B-00C04F79EFBC}") = "test2", "test2\test2.csproj", "{512A059F-C866-4498-8AD6-975EC1A3EDA1}"
EndProject
Global
	GlobalSection(SolutionConfigurationPlatforms) = preSolution
		Debug|Any CPU = Debug|Any CPU
		Release|Any CPU = Release|Any CPU
	EndGlobalSection
	GlobalSection(ProjectConfigurationPlatforms) = postSolution
		{512A059F-C866-4498-8AD6-975EC1A3EDA1}.Debug|Any CPU.ActiveCfg = Debug|Any CPU
		{512A059F-C866-4498-8AD6-975EC1A3EDA1}.Debug|Any CPU.Build.0 = Debug|Any CPU
		{512A059F-C866-4498-8AD6-975EC1A3EDA1}.Release|Any CPU.ActiveCfg = Release|Any CPU
		{512A059F-C866-4498-8AD6-975EC1A3EDA1}.Release|Any CPU.Build.0 = Release|Any CPU
	EndGlobalSection
	GlobalSection(SolutionProperties) = preSolution
		HideSolutionNode = FALSE
	EndGlobalSection
	GlobalSection(ExtensibilityGlobals) = postSolution
		SolutionGuid = {D5466C85-F637-46E8-80CC-A49B3C1C75E6}
	EndGlobalSection
EndGlobal
